
Microsoft Visual Studio Solution File, Format Version 12.00
# Visual Studio Version 16
VisualStudioVersion = 16.0.31229.75
MinimumVisualStudioVersion = 10.0.40219.1
Project("{FAE04EC0-301F-11D3-BF4B-00C04F79EFBC}") = "EmailService.Api", "EmailService.Api\EmailService.Api.csproj", "{2790881D-5CBE-441B-AECC-489D0B276C4D}"
EndProject
Project("{FAE04EC0-301F-11D3-BF4B-00C04F79EFBC}") = "EmailService.Infrastructure", "EmailService.Infrastructure\EmailService.Infrastructure.csproj", "{00F4D684-8C9D-4F36-91FB-FE3C1AD288DB}"
EndProject
Project("{FAE04EC0-301F-11D3-BF4B-00C04F79EFBC}") = "EmailService.Application", "EmailService.Application\EmailService.Application.csproj", "{0503482C-84DF-4300-B2BE-C7B525779E20}"
EndProject
Project("{FAE04EC0-301F-11D3-BF4B-00C04F79EFBC}") = "EmailService.Domain", "EmailService.Domain\EmailService.Domain.csproj", "{10EAD57A-95E3-49DE-AF04-B5670D0F4373}"
EndProject
Project("{9A19103F-16F7-4668-BE54-9A1E7A4F7556}") = "External.DTOs", "..\External\External.DTOs\External.DTOs.csproj", "{4E43134C-D6FF-489A-A459-8F7A38FD6677}"
EndProject
Project("{9A19103F-16F7-4668-BE54-9A1E7A4F7556}") = "External.Options", "..\External\External.Options\External.Options.csproj", "{E9ADE914-6DDF-46E6-817C-FAC3BE3D4912}"
EndProject
Project("{9A19103F-16F7-4668-BE54-9A1E7A4F7556}") = "External.Result", "..\External\External.Result\External.Result.csproj", "{F790D0CE-B3C7-4718-A108-5597AF591802}"
EndProject
Global
	GlobalSection(SolutionConfigurationPlatforms) = preSolution
		Debug|Any CPU = Debug|Any CPU
		Release|Any CPU = Release|Any CPU
	EndGlobalSection
	GlobalSection(ProjectConfigurationPlatforms) = postSolution
		{2790881D-5CBE-441B-AECC-489D0B276C4D}.Debug|Any CPU.ActiveCfg = Debug|Any CPU
		{2790881D-5CBE-441B-AECC-489D0B276C4D}.Debug|Any CPU.Build.0 = Debug|Any CPU
		{2790881D-5CBE-441B-AECC-489D0B276C4D}.Release|Any CPU.ActiveCfg = Release|Any CPU
		{2790881D-5CBE-441B-AECC-489D0B276C4D}.Release|Any CPU.Build.0 = Release|Any CPU
		{00F4D684-8C9D-4F36-91FB-FE3C1AD288DB}.Debug|Any CPU.ActiveCfg = Debug|Any CPU
		{00F4D684-8C9D-4F36-91FB-FE3C1AD288DB}.Debug|Any CPU.Build.0 = Debug|Any CPU
		{00F4D684-8C9D-4F36-91FB-FE3C1AD288DB}.Release|Any CPU.ActiveCfg = Release|Any CPU
		{00F4D684-8C9D-4F36-91FB-FE3C1AD288DB}.Release|Any CPU.Build.0 = Release|Any CPU
		{0503482C-84DF-4300-B2BE-C7B525779E20}.Debug|Any CPU.ActiveCfg = Debug|Any CPU
		{0503482C-84DF-4300-B2BE-C7B525779E20}.Debug|Any CPU.Build.0 = Debug|Any CPU
		{0503482C-84DF-4300-B2BE-C7B525779E20}.Release|Any CPU.ActiveCfg = Release|Any CPU
		{0503482C-84DF-4300-B2BE-C7B525779E20}.Release|Any CPU.Build.0 = Release|Any CPU
		{10EAD57A-95E3-49DE-AF04-B5670D0F4373}.Debug|Any CPU.ActiveCfg = Debug|Any CPU
		{10EAD57A-95E3-49DE-AF04-B5670D0F4373}.Debug|Any CPU.Build.0 = Debug|Any CPU
		{10EAD57A-95E3-49DE-AF04-B5670D0F4373}.Release|Any CPU.ActiveCfg = Release|Any CPU
		{10EAD57A-95E3-49DE-AF04-B5670D0F4373}.Release|Any CPU.Build.0 = Release|Any CPU
		{4E43134C-D6FF-489A-A459-8F7A38FD6677}.Debug|Any CPU.ActiveCfg = Debug|Any CPU
		{4E43134C-D6FF-489A-A459-8F7A38FD6677}.Debug|Any CPU.Build.0 = Debug|Any CPU
		{4E43134C-D6FF-489A-A459-8F7A38FD6677}.Release|Any CPU.ActiveCfg = Release|Any CPU
		{4E43134C-D6FF-489A-A459-8F7A38FD6677}.Release|Any CPU.Build.0 = Release|Any CPU
		{E9ADE914-6DDF-46E6-817C-FAC3BE3D4912}.Debug|Any CPU.ActiveCfg = Debug|Any CPU
		{E9ADE914-6DDF-46E6-817C-FAC3BE3D4912}.Debug|Any CPU.Build.0 = Debug|Any CPU
		{E9ADE914-6DDF-46E6-817C-FAC3BE3D4912}.Release|Any CPU.ActiveCfg = Release|Any CPU
		{E9ADE914-6DDF-46E6-817C-FAC3BE3D4912}.Release|Any CPU.Build.0 = Release|Any CPU
		{F790D0CE-B3C7-4718-A108-5597AF591802}.Debug|Any CPU.ActiveCfg = Debug|Any CPU
		{F790D0CE-B3C7-4718-A108-5597AF591802}.Debug|Any CPU.Build.0 = Debug|Any CPU
		{F790D0CE-B3C7-4718-A108-5597AF591802}.Release|Any CPU.ActiveCfg = Release|Any CPU
		{F790D0CE-B3C7-4718-A108-5597AF591802}.Release|Any CPU.Build.0 = Release|Any CPU
	EndGlobalSection
	GlobalSection(SolutionProperties) = preSolution
		HideSolutionNode = FALSE
	EndGlobalSection
	GlobalSection(ExtensibilityGlobals) = postSolution
		SolutionGuid = {15029A0B-D18D-44DC-BAAF-C7B3FA9EFFEB}
	EndGlobalSection
EndGlobal
