
Microsoft Visual Studio Solution File, Format Version 12.00
# Visual Studio Version 16
VisualStudioVersion = 16.0.31229.75
MinimumVisualStudioVersion = 10.0.40219.1
Project("{FAE04EC0-301F-11D3-BF4B-00C04F79EFBC}") = "Auth.Api", "Auth.Api\Auth.Api.csproj", "{48F9DDEF-0BE5-4BE9-9C73-81223FC30C10}"
EndProject
Project("{FAE04EC0-301F-11D3-BF4B-00C04F79EFBC}") = "Auth.Domain", "Auth.Domain\Auth.Domain.csproj", "{C5098CD8-C428-41C3-B217-145934AF36D4}"
EndProject
Project("{FAE04EC0-301F-11D3-BF4B-00C04F79EFBC}") = "Auth.Application", "Auth.Application\Auth.Application.csproj", "{7B27B089-58B9-42C9-A969-755214C2C916}"
EndProject
Project("{FAE04EC0-301F-11D3-BF4B-00C04F79EFBC}") = "Auth.Infrastructure", "Auth.Infrastructure\Auth.Infrastructure.csproj", "{9B4A74AE-8CBE-4514-931D-318C73A255BB}"
EndProject
Global
	GlobalSection(SolutionConfigurationPlatforms) = preSolution
		Debug|Any CPU = Debug|Any CPU
		Release|Any CPU = Release|Any CPU
	EndGlobalSection
	GlobalSection(ProjectConfigurationPlatforms) = postSolution
		{48F9DDEF-0BE5-4BE9-9C73-81223FC30C10}.Debug|Any CPU.ActiveCfg = Debug|Any CPU
		{48F9DDEF-0BE5-4BE9-9C73-81223FC30C10}.Debug|Any CPU.Build.0 = Debug|Any CPU
		{48F9DDEF-0BE5-4BE9-9C73-81223FC30C10}.Release|Any CPU.ActiveCfg = Release|Any CPU
		{48F9DDEF-0BE5-4BE9-9C73-81223FC30C10}.Release|Any CPU.Build.0 = Release|Any CPU
		{C5098CD8-C428-41C3-B217-145934AF36D4}.Debug|Any CPU.ActiveCfg = Debug|Any CPU
		{C5098CD8-C428-41C3-B217-145934AF36D4}.Debug|Any CPU.Build.0 = Debug|Any CPU
		{C5098CD8-C428-41C3-B217-145934AF36D4}.Release|Any CPU.ActiveCfg = Release|Any CPU
		{C5098CD8-C428-41C3-B217-145934AF36D4}.Release|Any CPU.Build.0 = Release|Any CPU
		{7B27B089-58B9-42C9-A969-755214C2C916}.Debug|Any CPU.ActiveCfg = Debug|Any CPU
		{7B27B089-58B9-42C9-A969-755214C2C916}.Debug|Any CPU.Build.0 = Debug|Any CPU
		{7B27B089-58B9-42C9-A969-755214C2C916}.Release|Any CPU.ActiveCfg = Release|Any CPU
		{7B27B089-58B9-42C9-A969-755214C2C916}.Release|Any CPU.Build.0 = Release|Any CPU
		{9B4A74AE-8CBE-4514-931D-318C73A255BB}.Debug|Any CPU.ActiveCfg = Debug|Any CPU
		{9B4A74AE-8CBE-4514-931D-318C73A255BB}.Debug|Any CPU.Build.0 = Debug|Any CPU
		{9B4A74AE-8CBE-4514-931D-318C73A255BB}.Release|Any CPU.ActiveCfg = Release|Any CPU
		{9B4A74AE-8CBE-4514-931D-318C73A255BB}.Release|Any CPU.Build.0 = Release|Any CPU
	EndGlobalSection
	GlobalSection(SolutionProperties) = preSolution
		HideSolutionNode = FALSE
	EndGlobalSection
	GlobalSection(ExtensibilityGlobals) = postSolution
		SolutionGuid = {F4EB7DE4-5C2C-430E-9E48-B758D75D9AC5}
	EndGlobalSection
EndGlobal
